{
  "nodes": {
    "devshell": {
      "inputs": {
        "flake-utils": [
          "flake-utils"
        ],
        "nixpkgs": [
          "nixpkgs"
        ]
      },
      "locked": {
        "lastModified": 1652791075,
        "narHash": "sha256-oLTbsUIsyZ4NFQqshDBf4tY4q+E9WZo+RQOqhBHe2fo=",
        "owner": "numtide",
        "repo": "devshell",
        "rev": "fc463a543e2bc497a6d0bae17fc88aa7e0cec5ee",
        "type": "github"
      },
      "original": {
        "owner": "numtide",
        "repo": "devshell",
        "type": "github"
      }
    },
    "flake-utils": {
      "locked": {
        "lastModified": 1652372896,
        "narHash": "sha256-lURGussfF3mGrFPQT3zgW7+RC0pBhbHzco0C7I+ilow=",
        "owner": "numtide",
        "repo": "flake-utils",
        "rev": "0d347c56f6f41de822a4f4c7ff5072f3382db121",
        "type": "github"
      },
      "original": {
        "owner": "numtide",
        "repo": "flake-utils",
        "type": "github"
      }
    },
    "nixpkgs": {
      "locked": {
        "lastModified": 1652378906,
        "narHash": "sha256-DeV2myAMArPvyqxp0M6z30kuXb2L9SO2QXjxbbsZQyY=",
        "owner": "NixOS",
        "repo": "nixpkgs",
        "rev": "d89d7af1ba23bd8a5341d00bdd862e8e9a808f56",
        "type": "github"
      },
      "original": {
        "owner": "NixOS",
        "ref": "nixos-unstable",
        "repo": "nixpkgs",
        "type": "github"
      }
    },
    "root": {
      "inputs": {
        "devshell": "devshell",
        "flake-utils": "flake-utils",
        "nixpkgs": "nixpkgs"
      }
    }
  },
  "root": "root",
  "version": 7
}
